PODS:
  - IrnLib (0.1.0):
    - IrnLib/Core (= 0.1.0)
  - IrnLib/Core (0.1.0)

DEPENDENCIES:
  - IrnLib (from `../`)

EXTERNAL SOURCES:
  IrnLib:
    :path: "../"

SPEC CHECKSUMS:
  IrnLib: 0371531a263af47f01980dfccb344aaec727d011

PODFILE CHECKSUM: 2dc392d1fe6b37cb0b95122dbccdbf42f4c28257

COCOAPODS: 1.5.3
